
Microsoft Visual Studio Solution File, Format Version 12.00
# Visual Studio 15
VisualStudioVersion = 15.0.27703.2026
MinimumVisualStudioVersion = 10.0.40219.1
Project("{FAE04EC0-301F-11D3-BF4B-00C04F79EFBC}") = "examenPracticoGBD", "examenPracticoGBD\examenPracticoGBD.csproj", "{20372F85-60A0-4F08-B6A4-8FF7A1E72C04}"
EndProject
Global
	GlobalSection(SolutionConfigurationPlatforms) = preSolution
		Debug|Any CPU = Debug|Any CPU
		Release|Any CPU = Release|Any CPU
	EndGlobalSection
	GlobalSection(ProjectConfigurationPlatforms) = postSolution
		{20372F85-60A0-4F08-B6A4-8FF7A1E72C04}.Debug|Any CPU.ActiveCfg = Debug|Any CPU
		{20372F85-60A0-4F08-B6A4-8FF7A1E72C04}.Debug|Any CPU.Build.0 = Debug|Any CPU
		{20372F85-60A0-4F08-B6A4-8FF7A1E72C04}.Release|Any CPU.ActiveCfg = Release|Any CPU
		{20372F85-60A0-4F08-B6A4-8FF7A1E72C04}.Release|Any CPU.Build.0 = Release|Any CPU
	EndGlobalSection
	GlobalSection(SolutionProperties) = preSolution
		HideSolutionNode = FALSE
	EndGlobalSection
	GlobalSection(ExtensibilityGlobals) = postSolution
		SolutionGuid = {50B6FE4D-8333-4C43-9956-962E4E9C45C1}
	EndGlobalSection
EndGlobal
